lockfileVersion: '9.0'

settings:
  autoInstallPeers: true
  excludeLinksFromLockfile: false

importers:

  .:
    dependencies:
      '@mantine/carousel':
        specifier: ^7.17.1
        version: 7.17.1(@mantine/core@7.17.1(@mantine/hooks@7.17.1(react@19.0.0))(@types/react@19.0.10)(react-dom@19.0.0(react@19.0.0))(react@19.0.0))(@mantine/hooks@7.17.1(react@19.0.0))(embla-carousel-react@7.1.0(react@19.0.0))(react-dom@19.0.0(react@19.0.0))(react@19.0.0)
      '@mantine/core':
        specifier: ^7.17.1
        version: 7.17.1(@mantine/hooks@7.17.1(react@19.0.0))(@types/react@19.0.10)(react-dom@19.0.0(react@19.0.0))(react@19.0.0)
      '@mantine/hooks':
        specifier: ^7.17.1
        version: 7.17.1(react@19.0.0)
      '@mantine/modals':
        specifier: ^7.17.1
        version: 7.17.1(@mantine/core@7.17.1(@mantine/hooks@7.17.1(react@19.0.0))(@types/react@19.0.10)(react-dom@19.0.0(react@19.0.0))(react@19.0.0))(@mantine/hooks@7.17.1(react@19.0.0))(react-dom@19.0.0(react@19.0.0))(react@19.0.0)
      '@mantine/nprogress':
        specifier: ^7.17.1
        version: 7.17.1(@mantine/core@7.17.1(@mantine/hooks@7.17.1(react@19.0.0))(@types/react@19.0.10)(react-dom@19.0.0(react@19.0.0))(react@19.0.0))(@mantine/hooks@7.17.1(react@19.0.0))(react-dom@19.0.0(react@19.0.0))(react@19.0.0)
      '@tabler/icons-react':
        specifier: ^3.30.0
        version: 3.30.0(react@19.0.0)
      '@tanstack/react-query':
        specifier: ^5.67.1
        version: 5.67.1(react@19.0.0)
      embla-carousel-react:
        specifier: ^7.1.0
        version: 7.1.0(react@19.0.0)
      react:
        specifier: ^19.0.0
        version: 19.0.0
      react-dom:
        specifier: ^19.0.0
        version: 19.0.0(react@19.0.0)
      react-router-dom:
        specifier: ^7.2.0
        version: 7.2.0(react-dom@19.0.0(react@19.0.0))(react@19.0.0)
    devDependencies:
      '@rsbuild/core':
        specifier: ^1.2.14
        version: 1.2.15
      '@rsbuild/plugin-react':
        specifier: ^1.1.1
        version: 1.1.1(@rsbuild/core@1.2.15)
      '@types/react':
        specifier: ^19.0.10
        version: 19.0.10
      '@types/react-dom':
        specifier: ^19.0.4
        version: 19.0.4(@types/react@19.0.10)
      postcss:
        specifier: ^8.5.3
        version: 8.5.3
      postcss-preset-mantine:
        specifier: ^1.17.0
        version: 1.17.0(postcss@8.5.3)
      postcss-simple-vars:
        specifier: ^7.0.1
        version: 7.0.1(postcss@8.5.3)
      typescript:
        specifier: ^5.8.2
        version: 5.8.2

packages:

  '@babel/runtime@7.26.9':
    resolution: {integrity: sha512-aA63XwOkcl4xxQa3HjPMqOP6LiK0ZDv3mUPYEFXkpHbaFjtGggE1A61FjFzJnB+p7/oy2gA8E+rcBNl/zC1tMg==}
    engines: {node: '>=6.9.0'}

  '@floating-ui/core@1.6.9':
    resolution: {integrity: sha512-uMXCuQ3BItDUbAMhIXw7UPXRfAlOAvZzdK9BWpE60MCn+Svt3aLn9jsPTi/WNGlRUu2uI0v5S7JiIUsbsvh3fw==}

  '@floating-ui/dom@1.6.13':
    resolution: {integrity: sha512-umqzocjDgNRGTuO7Q8CU32dkHkECqI8ZdMZ5Swb6QAM0t5rnlrN3lGo1hdpscRd3WS8T6DKYK4ephgIH9iRh3w==}

  '@floating-ui/react-dom@2.1.2':
    resolution: {integrity: sha512-06okr5cgPzMNBy+Ycse2A6udMi4bqwW/zgBF/rwjcNqWkyr82Mcg8b0vjX8OJpZFy/FKjJmw6wV7t44kK6kW7A==}
    peerDependencies:
      react: '>=16.8.0'
      react-dom: '>=16.8.0'

  '@floating-ui/react@0.26.28':
    resolution: {integrity: sha512-yORQuuAtVpiRjpMhdc0wJj06b9JFjrYF4qp96j++v2NBpbi6SEGF7donUJ3TMieerQ6qVkAv1tgr7L4r5roTqw==}
    peerDependencies:
      react: '>=16.8.0'
      react-dom: '>=16.8.0'

  '@floating-ui/utils@0.2.9':
    resolution: {integrity: sha512-MDWhGtE+eHw5JW7lq4qhc5yRLS11ERl1c7Z6Xd0a58DozHES6EnNNwUWbMiG4J9Cgj053Bhk8zvlhFYKVhULwg==}

  '@mantine/carousel@7.17.1':
    resolution: {integrity: sha512-hk8/TPEOHUynn9J6QPEsT32x3ImxSXv/0U7iwDJropGsRmb6BIIDx4MjZj8yf4KTySGVPTBKee2HQ4v4yMwiLA==}
    peerDependencies:
      '@mantine/core': 7.17.1
      '@mantine/hooks': 7.17.1
      embla-carousel-react: '>=7.0.0'
      react: ^18.x || ^19.x
      react-dom: ^18.x || ^19.x

  '@mantine/core@7.17.1':
    resolution: {integrity: sha512-V8O3Ftq4la4I4wNDkTfH4Slkt/pCEU32pTE/DkO46zua0VFxfOAJeLjaol0s11//T+bXx82DtjMsd9APWPuFhA==}
    peerDependencies:
      '@mantine/hooks': 7.17.1
      react: ^18.x || ^19.x
      react-dom: ^18.x || ^19.x

  '@mantine/hooks@7.17.1':
    resolution: {integrity: sha512-mkHLrXMPd5xdI5WD7UOLwNEpdh/i6A7HaRDTXvjDE2/S0N8VmAE+BlvdyvWRMi7ODp2zVqJdP8cF1tgUn+Z0fA==}
    peerDependencies:
      react: ^18.x || ^19.x

  '@mantine/modals@7.17.1':
    resolution: {integrity: sha512-hTgV4bfITPRo33R4a6Hp+aLN9H2leQA/ei/9cUbolURVh+4syacNtR8AoDKbRhX0vFzNHne99LJS8hlLvAYdjA==}
    peerDependencies:
      '@mantine/core': 7.17.1
      '@mantine/hooks': 7.17.1
      react: ^18.x || ^19.x
      react-dom: ^18.x || ^19.x

  '@mantine/nprogress@7.17.1':
    resolution: {integrity: sha512-L6gcYUy1uqpSotMeypMWwQcUnXl5ej3ZKbzatzxTsjOjRcDjZVLc1GnYQy8hZxu2LOw9yndmNhgaZUi4zuqKqQ==}
    peerDependencies:
      '@mantine/core': 7.17.1
      '@mantine/hooks': 7.17.1
      react: ^18.x || ^19.x
      react-dom: ^18.x || ^19.x

  '@mantine/store@7.17.1':
    resolution: {integrity: sha512-is1c0FycakMsbTElKGWO59LarjMIk24JUXfjP/QIrB0XqpXreq3u7aN4hoNqr1IftTZSfVBii4W8pVFeWaV55g==}
    peerDependencies:
      react: ^18.x || ^19.x

  '@module-federation/error-codes@0.8.4':
    resolution: {integrity: sha512-55LYmrDdKb4jt+qr8qE8U3al62ZANp3FhfVaNPOaAmdTh0jHdD8M3yf5HKFlr5xVkVO4eV/F/J2NCfpbh+pEXQ==}

  '@module-federation/runtime-tools@0.8.4':
    resolution: {integrity: sha512-fjVOsItJ1u5YY6E9FnS56UDwZgqEQUrWFnouRiPtK123LUuqUI9FH4redZoKWlE1PB0ir1Z3tnqy8eFYzPO38Q==}

  '@module-federation/runtime@0.8.4':
    resolution: {integrity: sha512-yZeZ7z2Rx4gv/0E97oLTF3V6N25vglmwXGgoeju/W2YjsFvWzVtCDI7zRRb0mJhU6+jmSM8jP1DeQGbea/AiZQ==}

  '@module-federation/sdk@0.8.4':
    resolution: {integrity: sha512-waABomIjg/5m1rPDBWYG4KUhS5r7OUUY7S+avpaVIY/tkPWB3ibRDKy2dNLLAMaLKq0u+B1qIdEp4NIWkqhqpg==}

  '@module-federation/webpack-bundler-runtime@0.8.4':
    resolution: {integrity: sha512-HggROJhvHPUX7uqBD/XlajGygMNM1DG0+4OAkk8MBQe4a18QzrRNzZt6XQbRTSG4OaEoyRWhQHvYD3Yps405tQ==}

  '@nodelib/fs.scandir@2.1.5':
    resolution: {integrity: sha512-vq24Bq3ym5HEQm2NKCr3yXDwjc7vTsEThRDnkp2DK9p1uqLR+DHurm/NOTo0KG7HYHU7eppKZj3MyqYuMBf62g==}
    engines: {node: '>= 8'}

  '@nodelib/fs.stat@2.0.5':
    resolution: {integrity: sha512-RkhPPp2zrqDAQA/2jNhnztcPAlv64XdhIp7a7454A5ovI7Bukxgt7MX7udwAu3zg1DcpPU0rz3VV1SeaqvY4+A==}
    engines: {node: '>= 8'}

  '@nodelib/fs.walk@1.2.8':
    resolution: {integrity: sha512-oGB+UxlgWcgQkgwo8GcEGwemoTFt3FIO9ababBmaGwXIoBKZ+GTy0pP185beGg7Llih/NSHSV2XAs1lnznocSg==}
    engines: {node: '>= 8'}

  '@rsbuild/core@1.2.15':
    resolution: {integrity: sha512-f17C4q3MoQ1G9CXzGkiZKZj3MHnV9oSovBjjQQ5bXVBICfGVyRHlHHCa5b9b40F67lbez2K6eLkLP9wU1j1Udw==}
    engines: {node: '>=16.7.0'}
    hasBin: true

  '@rsbuild/plugin-react@1.1.1':
    resolution: {integrity: sha512-gkATKrOQauXMMtrYA5jbTQkhmYTE0VXoknPLtVpiXtwDbBUwgX23LFf1XJ51YOwqYpP7g5SfPEMgD2FENtCq0A==}
    peerDependencies:
      '@rsbuild/core': 1.x

  '@rspack/binding-darwin-arm64@1.2.7':
    resolution: {integrity: sha512-dT5eSMTknZaI8Djmz8KnaWM68rjZuBZwsKyF144o+ZSJM55vgiNXyL0lQYB8mX9nR3Gck+jKuGUAT2W/EF/t5Q==}
    cpu: [arm64]
    os: [darwin]

  '@rspack/binding-darwin-x64@1.2.7':
    resolution: {integrity: sha512-5n8IhKBxH71d4BUIvyzTwSOAOKNneLPJwLIphSPNIbCMGjLI59/EVpxSQ/AAUfyMkqOs635NNCn0eGQVuzpI/w==}
    cpu: [x64]
    os: [darwin]

  '@rspack/binding-linux-arm64-gnu@1.2.7':
    resolution: {integrity: sha512-DTtFBJmgQQrVWjbklpgJDr3kE9Uf1fHsPh+1GVslsBuyn+o4O7JslrnjuVsQCYKoiEg0Lg4ZPQmwnhJLHssZ5A==}
    cpu: [arm64]
    os: [linux]

  '@rspack/binding-linux-arm64-musl@1.2.7':
    resolution: {integrity: sha512-01/OoQQF9eyDvRKkxj4DzCznfGZIvnzI8qOsrv+M7VBm8FLoKpb3hygXixaGQOXmNL42XTh61qjgm++fBu6aUA==}
    cpu: [arm64]
    os: [linux]

  '@rspack/binding-linux-x64-gnu@1.2.7':
    resolution: {integrity: sha512-lUOAUq0YSsofCXsP6XnlgfH0ZRDZ2X2XqXLXYjqf4xkSxCl5eBmE0EQYjAHF4zjUvU5rVx4a4bDLWv7+t3bOHg==}
    cpu: [x64]
    os: [linux]

  '@rspack/binding-linux-x64-musl@1.2.7':
    resolution: {integrity: sha512-ZrPXfgT30p4DlydYavaTHiluxHkWvZHt7K4q7qNyTfYYowG6jRGwWi/PATdugNICGv027Wsh5nzEO4o27Iuhwg==}
    cpu: [x64]
    os: [linux]

  '@rspack/binding-win32-arm64-msvc@1.2.7':
    resolution: {integrity: sha512-1OzzM+OUSWX39XYcDfxJ8bGX5vNNrRejCMGotBEdP+uQ3KMWCPz0G4KRc3QIjghaLIYk3ofd83hcfUxyk/2Xog==}
    cpu: [arm64]
    os: [win32]

  '@rspack/binding-win32-ia32-msvc@1.2.7':
    resolution: {integrity: sha512-VWlDCV9kDtijk9GK6ZtBQmYoVzKGpnrJB0iI3d2gIEa/2NwikJ89bLMFE4dFx8UNH3p/sSyb5pmPOQnbudFK7Q==}
    cpu: [ia32]
    os: [win32]

  '@rspack/binding-win32-x64-msvc@1.2.7':
    resolution: {integrity: sha512-l/sTdeMsQF1a1aB79cWykDNRZG6nkUA0biJo2/sEARP3ijdr8TuwUdirp2JRDmZfQJkoJnQ2un9y9qyW+TIZzA==}
    cpu: [x64]
    os: [win32]

  '@rspack/binding@1.2.7':
    resolution: {integrity: sha512-QH+kxkG0I9C6lmlwgBUDFsy24ihXMGG5lfiNtQilk4CyBN+AgSWFENcYrnkUaBioZAvMBznQLiccV3X0JeH9iQ==}

  '@rspack/core@1.2.7':
    resolution: {integrity: sha512-Vg7ySflnqI1nNOBPd6VJkQozWADssxn3einbxa9OqDVAB+dGSj8qihTs6rlaTSewidoaYTGIAiTMHO2y+61qqQ==}
    engines: {node: '>=16.0.0'}
    peerDependencies:
      '@rspack/tracing': ^1.x
      '@swc/helpers': '>=0.5.1'
    peerDependenciesMeta:
      '@rspack/tracing':
        optional: true
      '@swc/helpers':
        optional: true

  '@rspack/lite-tapable@1.0.1':
    resolution: {integrity: sha512-VynGOEsVw2s8TAlLf/uESfrgfrq2+rcXB1muPJYBWbsm1Oa6r5qVQhjA5ggM6z/coYPrsVMgovl3Ff7Q7OCp1w==}
    engines: {node: '>=16.0.0'}

  '@rspack/plugin-react-refresh@1.0.1':
    resolution: {integrity: sha512-KSBc3bsr3mrAPViv7w9MpE9KEWm6q87EyRXyHlRfJ9PpQ56NbX9KZ7AXo7jPeECb0q5sfpM2PSEf+syBiMgLSw==}
    peerDependencies:
      react-refresh: '>=0.10.0 <1.0.0'
    peerDependenciesMeta:
      react-refresh:
        optional: true

  '@swc/helpers@0.5.15':
    resolution: {integrity: sha512-JQ5TuMi45Owi4/BIMAJBoSQoOJu12oOk/gADqlcUL9JEdHB8vyjUSsxqeNXnmXHjYKMi2WcYtezGEEhqUI/E2g==}

  '@tabler/icons-react@3.30.0':
    resolution: {integrity: sha512-9KZ9D1UNAyjlLkkYp2HBPHdf6lAJ2aelDqh8YYAnnmLF3xwprWKxxW8+zw5jlI0IwdfN4XFFuzqePkaw+DpIOg==}
    peerDependencies:
      react: '>= 16'

  '@tabler/icons@3.30.0':
    resolution: {integrity: sha512-c8OKLM48l00u9TFbh2qhSODMONIzML8ajtCyq95rW8vzkWcBrKRPM61tdkThz2j4kd5u17srPGIjqdeRUZdfdw==}

  '@tanstack/query-core@5.67.1':
    resolution: {integrity: sha512-AkFmuukVejyqVIjEQoFhLb3q+xHl7JG8G9cANWTMe3s8iKzD9j1VBSYXgCjy6vm6xM8cUCR9zP2yqWxY9pTWOA==}

  '@tanstack/react-query@5.67.1':
    resolution: {integrity: sha512-fH5u4JLwB6A+wLFdi8wWBWAYoJV5deYif2OveJ26ktAWjU499uvVFS1wPWnyEyq5LvZX1MZInvv9QRaIZANRaQ==}
    peerDependencies:
      react: ^18 || ^19

  '@types/cookie@0.6.0':
    resolution: {integrity: sha512-4Kh9a6B2bQciAhf7FSuMRRkUWecJgJu9nPnx3yzpsfXX/c50REIqpHY4C82bXP90qrLtXtkDxTZosYO3UpOwlA==}

  '@types/react-dom@19.0.4':
    resolution: {integrity: sha512-4fSQ8vWFkg+TGhePfUzVmat3eC14TXYSsiiDSLI0dVLsrm9gZFABjPy/Qu6TKgl1tq1Bu1yDsuQgY3A3DOjCcg==}
    peerDependencies:
      '@types/react': ^19.0.0

  '@types/react@19.0.10':
    resolution: {integrity: sha512-JuRQ9KXLEjaUNjTWpzuR231Z2WpIwczOkBEIvbHNCzQefFIT0L8IqE6NV6ULLyC1SI/i234JnDoMkfg+RjQj2g==}

  braces@3.0.3:
    resolution: {integrity: sha512-yQbXgO/OSZVD2IsiLlro+7Hf6Q18EJrKSEsdoMzKePKXct3gvD8oLcOQdIzGupr5Fj+EDe8gO/lxc1BzfMpxvA==}
    engines: {node: '>=8'}

  camelcase-css@2.0.1:
    resolution: {integrity: sha512-QOSvevhslijgYwRx6Rv7zKdMF8lbRmx+uQGx2+vDc+KI/eBnsy9kit5aj23AgGu3pa4t9AgwbnXWqS+iOY+2aA==}
    engines: {node: '>= 6'}

  caniuse-lite@1.0.30001702:
    resolution: {integrity: sha512-LoPe/D7zioC0REI5W73PeR1e1MLCipRGq/VkovJnd6Df+QVqT+vT33OXCp8QUd7kA7RZrHWxb1B36OQKI/0gOA==}

  clsx@2.1.1:
    resolution: {integrity: sha512-eYm0QWBtUrBWZWG0d386OGAw16Z995PiOVo2B7bjWSbHedGl5e0ZWaq65kOGgUSNesEIDkB9ISbTg/JK9dhCZA==}
    engines: {node: '>=6'}

  cookie@1.0.2:
    resolution: {integrity: sha512-9Kr/j4O16ISv8zBBhJoi4bXOYNTkFLOqSL3UDB0njXxCXNezjeyVrJyGOWtgfs/q2km1gwBcfH8q1yEGoMYunA==}
    engines: {node: '>=18'}

  core-js@3.41.0:
    resolution: {integrity: sha512-SJ4/EHwS36QMJd6h/Rg+GyR4A5xE0FSI3eZ+iBVpfqf1x0eTSg1smWLHrA+2jQThZSh97fmSgFSU8B61nxosxA==}

  cssesc@3.0.0:
    resolution: {integrity: sha512-/Tb/JcjK111nNScGob5MNtsntNM1aCNUDipB/TkwZFhyDrrE47SOx/18wF2bbjgc3ZzCSKW1T5nt5EbFoAz/Vg==}
    engines: {node: '>=4'}
    hasBin: true

  csstype@3.1.3:
    resolution: {integrity: sha512-M1uQkMl8rQK/szD0LNhtqxIPLpimGm8sOBwU7lLnCpSbTyY3yeU1Vc7l4KT5zT4s/yOxHH5O7tIuuLOCnLADRw==}

  detect-node-es@1.1.0:
    resolution: {integrity: sha512-ypdmJU/TbBby2Dxibuv7ZLW3Bs1QEmM7nHjEANfohJLvE0XVujisn1qPJcZxg+qDucsr+bP6fLD1rPS3AhJ7EQ==}

  embla-carousel-react@7.1.0:
    resolution: {integrity: sha512-tbYRPRZSDNd2QLNqYDcArAakGIxtUbhS7tkP0dGXktXHGgcX+3ji3VrOUTOftBiujZrMV8kRxtrRUe/1soloIQ==}
    peerDependencies:
      react: ^16.8.0 || ^17.0.1 || ^18.0.0

  embla-carousel@7.1.0:
    resolution: {integrity: sha512-Bh8Pa8NWzgugLkf8sAGexQlBCNDFaej5BXiKgQdRJ1mUC9NWBrw9Z23YVPVGkguWoz5LMjZXXFVGCobl3UPt/Q==}

  error-stack-parser@2.1.4:
    resolution: {integrity: sha512-Sk5V6wVazPhq5MhpO+AUxJn5x7XSXGl1R93Vn7i+zS15KDVxQijejNCrz8340/2bgLBjR9GtEG8ZVKONDjcqGQ==}

  fast-glob@3.3.3:
    resolution: {integrity: sha512-7MptL8U0cqcFdzIzwOTHoilX9x5BrNqye7Z/LuC7kCMRio1EMSyqRK3BEAUD7sXRq4iT4AzTVuZdhgQ2TCvYLg==}
    engines: {node: '>=8.6.0'}

  fastq@1.19.1:
    resolution: {integrity: sha512-GwLTyxkCXjXbxqIhTsMI2Nui8huMPtnxg7krajPJAjnEG/iiOS7i+zCtWGZR9G0NBKbXKh6X9m9UIsYX/N6vvQ==}

  fill-range@7.1.1:
    resolution: {integrity: sha512-YsGpe3WHLK8ZYi4tWDg2Jy3ebRz2rXowDxnld4bkQB00cc/1Zw9AWnC0i9ztDJitivtQvaI9KaLyKrc+hBW0yg==}
    engines: {node: '>=8'}

  get-nonce@1.0.1:
    resolution: {integrity: sha512-FJhYRoDaiatfEkUK8HKlicmu/3SGFD51q3itKDGoSTysQJBnfOcxU5GxnhE1E6soB76MbT0MBtnKJuXyAx+96Q==}
    engines: {node: '>=6'}

  glob-parent@5.1.2:
    resolution: {integrity: sha512-AOIgSQCepiJYwP3ARnGx+5VnTu2HBYdzbGP45eLw1vr3zB3vZLeyed1sC9hnbcOc9/SrMyM5RPQrkGz4aS9Zow==}
    engines: {node: '>= 6'}

  html-entities@2.5.2:
    resolution: {integrity: sha512-K//PSRMQk4FZ78Kyau+mZurHn3FH0Vwr+H36eE0rPbeYkRRi9YxceYPhuN60UwWorxyKHhqoAJl2OFKa4BVtaA==}

  is-extglob@2.1.1:
    resolution: {integrity: sha512-SbKbANkN603Vi4jEZv49LeVJMn4yGwsbzZworEoyEiutsN3nJYdbO36zfhGJ6QEDpOZIFkDtnq5JRxmvl3jsoQ==}
    engines: {node: '>=0.10.0'}

  is-glob@4.0.3:
    resolution: {integrity: sha512-xelSayHH36ZgE7ZWhli7pW34hNbNl8Ojv5KVmkJD4hBdD3th8Tfk9vYasLM+mXWOZhFkgZfxhLSnrwRr4elSSg==}
    engines: {node: '>=0.10.0'}

  is-number@7.0.0:
    resolution: {integrity: sha512-41Cifkg6e8TylSpdtTpeLVMqvSBEVzTttHvERD741+pnZ8ANv0004MRL43QKPDlK9cGvNp6NZWZUBlbGXYxxng==}
    engines: {node: '>=0.12.0'}

  isomorphic-rslog@0.0.6:
    resolution: {integrity: sha512-HM0q6XqQ93psDlqvuViNs/Ea3hAyGDkIdVAHlrEocjjAwGrs1fZ+EdQjS9eUPacnYB7Y8SoDdSY3H8p3ce205A==}
    engines: {node: '>=14.17.6'}

  jiti@2.4.2:
    resolution: {integrity: sha512-rg9zJN+G4n2nfJl5MW3BMygZX56zKPNVEYYqq7adpmMh4Jn2QNEwhvQlFy6jPVdcod7txZtKHWnyZiA3a0zP7A==}
    hasBin: true

  merge2@1.4.1:
    resolution: {integrity: sha512-8q7VEgMJW4J8tcfVPy8g09NcQwZdbwFEqhe/WZkoIzjn/3TGDwtOCYtXGxA3O8tPzpczCCDgv+P2P5y00ZJOOg==}
    engines: {node: '>= 8'}

  micromatch@4.0.8:
    resolution: {integrity: sha512-PXwfBhYu0hBCPw8Dn0E+WDYb7af3dSLVWKi3HGv84IdF4TyFoC0ysxFd0Goxw7nSv4T/PzEJQxsYsEiFCKo2BA==}
    engines: {node: '>=8.6'}

  nanoid@3.3.8:
    resolution: {integrity: sha512-WNLf5Sd8oZxOm+TzppcYk8gVOgP+l58xNy58D0nbUnOxOWRWvlcCV4kUF7ltmI6PsrLl/BgKEyS4mqsGChFN0w==}
    engines: {node: ^10 || ^12 || ^13.7 || ^14 || >=15.0.1}
    hasBin: true

  picocolors@1.1.1:
    resolution: {integrity: sha512-xceH2snhtb5M9liqDsmEw56le376mTZkEX/jEb/RxNFyegNul7eNslCXP9FDj/Lcu0X8KEyMceP2ntpaHrDEVA==}

  picomatch@2.3.1:
    resolution: {integrity: sha512-JU3teHTNjmE2VCGFzuY8EXzCDVwEqB2a8fsIvwaStHhAWJEeVd1o1QD80CU6+ZdEXXSLbSsuLwJjkCBWqRQUVA==}
    engines: {node: '>=8.6'}

  postcss-js@4.0.1:
    resolution: {integrity: sha512-dDLF8pEO191hJMtlHFPRa8xsizHaM82MLfNkUHdUtVEV3tgTp5oj+8qbEqYM57SLfc74KSbw//4SeJma2LRVIw==}
    engines: {node: ^12 || ^14 || >= 16}
    peerDependencies:
      postcss: ^8.4.21

  postcss-mixins@9.0.4:
    resolution: {integrity: sha512-XVq5jwQJDRu5M1XGkdpgASqLk37OqkH4JCFDXl/Dn7janOJjCTEKL+36cnRVy7bMtoBzALfO7bV7nTIsFnUWLA==}
    engines: {node: '>=14.0'}
    peerDependencies:
      postcss: ^8.2.14

  postcss-nested@6.2.0:
    resolution: {integrity: sha512-HQbt28KulC5AJzG+cZtj9kvKB93CFCdLvog1WFLf1D+xmMvPGlBstkpTEZfK5+AN9hfJocyBFCNiqyS48bpgzQ==}
    engines: {node: '>=12.0'}
    peerDependencies:
      postcss: ^8.2.14

  postcss-preset-mantine@1.17.0:
    resolution: {integrity: sha512-ji1PMDBUf2Vsx/HE5faMSs1+ff6qE6YRulTr4Ja+6HD3gop8rSMTCYdpN7KrdsEg079kfBKkO/PaKhG9uR0zwQ==}
    peerDependencies:
      postcss: '>=8.0.0'

  postcss-selector-parser@6.1.2:
    resolution: {integrity: sha512-Q8qQfPiZ+THO/3ZrOrO0cJJKfpYCagtMUkXbnEfmgUjwXg6z/WBeOyS9APBBPCTSiDV+s4SwQGu8yFsiMRIudg==}
    engines: {node: '>=4'}

  postcss-simple-vars@7.0.1:
    resolution: {integrity: sha512-5GLLXaS8qmzHMOjVxqkk1TZPf1jMqesiI7qLhnlyERalG0sMbHIbJqrcnrpmZdKCLglHnRHoEBB61RtGTsj++A==}
    engines: {node: '>=14.0'}
    peerDependencies:
      postcss: ^8.2.1

  postcss@8.5.3:
    resolution: {integrity: sha512-dle9A3yYxlBSrt8Fu+IpjGT8SY8hN0mlaA6GY8t0P5PjIOZemULz/E2Bnm/2dcUOena75OTNkHI76uZBNUUq3A==}
    engines: {node: ^10 || ^12 || >=14}

  queue-microtask@1.2.3:
    resolution: {integrity: sha512-NuaNSa6flKT5JaSYQzJok04JzTL1CA6aGhv5rfLW3PgqA+M2ChpZQnAC8h8i4ZFkBS8X5RqkDBHA7r4hej3K9A==}

  react-dom@19.0.0:
    resolution: {integrity: sha512-4GV5sHFG0e/0AD4X+ySy6UJd3jVl1iNsNHdpad0qhABJ11twS3TTBnseqsKurKcsNqCEFeGL3uLpVChpIO3QfQ==}
    peerDependencies:
      react: ^19.0.0

  react-number-format@5.4.3:
    resolution: {integrity: sha512-VCY5hFg/soBighAoGcdE+GagkJq0230qN6jcS5sp8wQX1qy1fYN/RX7/BXkrs0oyzzwqR8/+eSUrqXbGeywdUQ==}
    peerDependencies:
      react: ^0.14 || ^15.0.0 || ^16.0.0 || ^17.0.0 || ^18.0.0 || ^19.0.0
      react-dom: ^0.14 || ^15.0.0 || ^16.0.0 || ^17.0.0 || ^18.0.0 || ^19.0.0

  react-refresh@0.16.0:
    resolution: {integrity: sha512-FPvF2XxTSikpJxcr+bHut2H4gJ17+18Uy20D5/F+SKzFap62R3cM5wH6b8WN3LyGSYeQilLEcJcR1fjBSI2S1A==}
    engines: {node: '>=0.10.0'}

  react-remove-scroll-bar@2.3.8:
    resolution: {integrity: sha512-9r+yi9+mgU33AKcj6IbT9oRCO78WriSj6t/cF8DWBZJ9aOGPOTEDvdUDz1FwKim7QXWwmHqtdHnRJfhAxEG46Q==}
    engines: {node: '>=10'}
    peerDependencies:
      '@types/react': '*'
      react: ^16.8.0 || ^17.0.0 || ^18.0.0 || ^19.0.0
    peerDependenciesMeta:
      '@types/react':
        optional: true

  react-remove-scroll@2.6.3:
    resolution: {integrity: sha512-pnAi91oOk8g8ABQKGF5/M9qxmmOPxaAnopyTHYfqYEwJhyFrbbBtHuSgtKEoH0jpcxx5o3hXqH1mNd9/Oi+8iQ==}
    engines: {node: '>=10'}
    peerDependencies:
      '@types/react': '*'
      react: ^16.8.0 || ^17.0.0 || ^18.0.0 || ^19.0.0 || ^19.0.0-rc
    peerDependenciesMeta:
      '@types/react':
        optional: true

  react-router-dom@7.2.0:
    resolution: {integrity: sha512-cU7lTxETGtQRQbafJubvZKHEn5izNABxZhBY0Jlzdv0gqQhCPQt2J8aN5ZPjS6mQOXn5NnirWNh+FpE8TTYN0Q==}
    engines: {node: '>=20.0.0'}
    peerDependencies:
      react: '>=18'
      react-dom: '>=18'

  react-router@7.2.0:
    resolution: {integrity: sha512-fXyqzPgCPZbqhrk7k3hPcCpYIlQ2ugIXDboHUzhJISFVy2DEPsmHgN588MyGmkIOv3jDgNfUE3kJi83L28s/LQ==}
    engines: {node: '>=20.0.0'}
    peerDependencies:
      react: '>=18'
      react-dom: '>=18'
    peerDependenciesMeta:
      react-dom:
        optional: true

  react-style-singleton@2.2.3:
    resolution: {integrity: sha512-b6jSvxvVnyptAiLjbkWLE/lOnR4lfTtDAl+eUC7RZy+QQWc6wRzIV2CE6xBuMmDxc2qIihtDCZD5NPOFl7fRBQ==}
    engines: {node: '>=10'}
    peerDependencies:
      '@types/react': '*'
      react: ^16.8.0 || ^17.0.0 || ^18.0.0 || ^19.0.0 || ^19.0.0-rc
    peerDependenciesMeta:
      '@types/react':
        optional: true

  react-textarea-autosize@8.5.6:
    resolution: {integrity: sha512-aT3ioKXMa8f6zHYGebhbdMD2L00tKeRX1zuVuDx9YQK/JLLRSaSxq3ugECEmUB9z2kvk6bFSIoRHLkkUv0RJiw==}
    engines: {node: '>=10'}
    peerDependencies:
      react: ^16.8.0 || ^17.0.0 || ^18.0.0 || ^19.0.0

  react@19.0.0:
    resolution: {integrity: sha512-V8AVnmPIICiWpGfm6GLzCR/W5FXLchHop40W4nXBmdlEceh16rCN8O8LNWm5bh5XUX91fh7KpA+W0TgMKmgTpQ==}
    engines: {node: '>=0.10.0'}

  regenerator-runtime@0.14.1:
    resolution: {integrity: sha512-dYnhHh0nJoMfnkZs6GmmhFknAGRrLznOu5nc9ML+EJxGvrx6H7teuevqVqCuPcPK//3eDrrjQhehXVx9cnkGdw==}

  reusify@1.1.0:
    resolution: {integrity: sha512-g6QUff04oZpHs0eG5p83rFLhHeV00ug/Yf9nZM6fLeUrPguBTkTQOdpAWWspMh55TZfVQDPaN3NQJfbVRAxdIw==}
    engines: {iojs: '>=1.0.0', node: '>=0.10.0'}

  run-parallel@1.2.0:
    resolution: {integrity: sha512-5l4VyZR86LZ/lDxZTR6jqL8AFE2S0IFLMP26AbjsLVADxHdhB/c0GUsH+y39UfCi3dzz8OlQuPmnaJOMoDHQBA==}

  scheduler@0.25.0:
    resolution: {integrity: sha512-xFVuu11jh+xcO7JOAGJNOXld8/TcEHK/4CituBUeUb5hqxJLj9YuemAEuvm9gQ/+pgXYfbQuqAkiYu+u7YEsNA==}

  set-cookie-parser@2.7.1:
    resolution: {integrity: sha512-IOc8uWeOZgnb3ptbCURJWNjWUPcO3ZnTTdzsurqERrP6nPyv+paC55vJM0LpOlT2ne+Ix+9+CRG1MNLlyZ4GjQ==}

  source-map-js@1.2.1:
    resolution: {integrity: sha512-UXWMKhLOwVKb728IUtQPXxfYU+usdybtUrK/8uGE8CQMvrhOpwvzDBwj0QhSL7MQc7vIsISBG8VQ8+IDQxpfQA==}
    engines: {node: '>=0.10.0'}

  stackframe@1.3.4:
    resolution: {integrity: sha512-oeVtt7eWQS+Na6F//S4kJ2K2VbRlS9D43mAlMyVpVWovy9o+jfgH8O9agzANzaiLjclA0oYzUXEM4PurhSUChw==}

  sugarss@4.0.1:
    resolution: {integrity: sha512-WCjS5NfuVJjkQzK10s8WOBY+hhDxxNt/N6ZaGwxFZ+wN3/lKKFSaaKUNecULcTTvE4urLcKaZFQD8vO0mOZujw==}
    engines: {node: '>=12.0'}
    peerDependencies:
      postcss: ^8.3.3

  tabbable@6.2.0:
    resolution: {integrity: sha512-Cat63mxsVJlzYvN51JmVXIgNoUokrIaT2zLclCXjRd8boZ0004U4KCs/sToJ75C6sdlByWxpYnb5Boif1VSFew==}

  to-regex-range@5.0.1:
    resolution: {integrity: sha512-65P7iz6X5yEr1cwcgvQxbbIw7Uk3gOy5dIdtZ4rDveLqhrdJP+Li/Hx6tyK0NEb+2GCyneCMJiGqrADCSNk8sQ==}
    engines: {node: '>=8.0'}

  tslib@2.8.1:
    resolution: {integrity: sha512-oJFu94HQb+KVduSUQL7wnpmqnfmLsOA/nAh6b6EH0wCEoK0/mPeXU6c3wKDV83MkOuHPRHtSXKKU99IBazS/2w==}

  turbo-stream@2.4.0:
    resolution: {integrity: sha512-FHncC10WpBd2eOmGwpmQsWLDoK4cqsA/UT/GqNoaKOQnT8uzhtCbg3EoUDMvqpOSAI0S26mr0rkjzbOO6S3v1g==}

  type-fest@4.37.0:
    resolution: {integrity: sha512-S/5/0kFftkq27FPNye0XM1e2NsnoD/3FS+pBmbjmmtLT6I+i344KoOf7pvXreaFsDamWeaJX55nczA1m5PsBDg==}
    engines: {node: '>=16'}

  typescript@5.8.2:
    resolution: {integrity: sha512-aJn6wq13/afZp/jT9QZmwEjDqqvSGp1VT5GVg+f/t6/oVyrgXM6BY1h9BRh/O5p3PlUPAe+WuiEZOmb/49RqoQ==}
    engines: {node: '>=14.17'}
    hasBin: true

  use-callback-ref@1.3.3:
    resolution: {integrity: sha512-jQL3lRnocaFtu3V00JToYz/4QkNWswxijDaCVNZRiRTO3HQDLsdu1ZtmIUvV4yPp+rvWm5j0y0TG/S61cuijTg==}
    engines: {node: '>=10'}
    peerDependencies:
      '@types/react': '*'
      react: ^16.8.0 || ^17.0.0 || ^18.0.0 || ^19.0.0 || ^19.0.0-rc
    peerDependenciesMeta:
      '@types/react':
        optional: true

  use-composed-ref@1.4.0:
    resolution: {integrity: sha512-djviaxuOOh7wkj0paeO1Q/4wMZ8Zrnag5H6yBvzN7AKKe8beOaED9SF5/ByLqsku8NP4zQqsvM2u3ew/tJK8/w==}
    peerDependencies:
      '@types/react': '*'
      react: ^16.8.0 || ^17.0.0 || ^18.0.0 || ^19.0.0
    peerDependenciesMeta:
      '@types/react':
        optional: true

  use-isomorphic-layout-effect@1.2.0:
    resolution: {integrity: sha512-q6ayo8DWoPZT0VdG4u3D3uxcgONP3Mevx2i2b0434cwWBoL+aelL1DzkXI6w3PhTZzUeR2kaVlZn70iCiseP6w==}
    peerDependencies:
      '@types/react': '*'
      react: ^16.8.0 || ^17.0.0 || ^18.0.0 || ^19.0.0
    peerDependenciesMeta:
      '@types/react':
        optional: true

  use-latest@1.3.0:
    resolution: {integrity: sha512-mhg3xdm9NaM8q+gLT8KryJPnRFOz1/5XPBhmDEVZK1webPzDjrPk7f/mbpeLqTgB9msytYWANxgALOCJKnLvcQ==}
    peerDependencies:
      '@types/react': '*'
      react: ^16.8.0 || ^17.0.0 || ^18.0.0 || ^19.0.0
    peerDependenciesMeta:
      '@types/react':
        optional: true

  use-sidecar@1.1.3:
    resolution: {integrity: sha512-Fedw0aZvkhynoPYlA5WXrMCAMm+nSWdZt6lzJQ7Ok8S6Q+VsHmHpRWndVRJ8Be0ZbkfPc5LRYH+5XrzXcEeLRQ==}
    engines: {node: '>=10'}
    peerDependencies:
      '@types/react': '*'
      react: ^16.8.0 || ^17.0.0 || ^18.0.0 || ^19.0.0 || ^19.0.0-rc
    peerDependenciesMeta:
      '@types/react':
        optional: true

  util-deprecate@1.0.2:
    resolution: {integrity: sha512-EPD5q1uXyFxJpCrLnCc1nHnq3gOa6DZBocAIiI2TaSCA7VCJ1UJDMagCzIkXNsUYfD1daK//LTEQ8xiIbrHtcw==}

snapshots:

  '@babel/runtime@7.26.9':
    dependencies:
      regenerator-runtime: 0.14.1

  '@floating-ui/core@1.6.9':
    dependencies:
      '@floating-ui/utils': 0.2.9

  '@floating-ui/dom@1.6.13':
    dependencies:
      '@floating-ui/core': 1.6.9
      '@floating-ui/utils': 0.2.9

  '@floating-ui/react-dom@2.1.2(react-dom@19.0.0(react@19.0.0))(react@19.0.0)':
    dependencies:
      '@floating-ui/dom': 1.6.13
      react: 19.0.0
      react-dom: 19.0.0(react@19.0.0)

  '@floating-ui/react@0.26.28(react-dom@19.0.0(react@19.0.0))(react@19.0.0)':
    dependencies:
      '@floating-ui/react-dom': 2.1.2(react-dom@19.0.0(react@19.0.0))(react@19.0.0)
      '@floating-ui/utils': 0.2.9
      react: 19.0.0
      react-dom: 19.0.0(react@19.0.0)
      tabbable: 6.2.0

  '@floating-ui/utils@0.2.9': {}

  '@mantine/carousel@7.17.1(@mantine/core@7.17.1(@mantine/hooks@7.17.1(react@19.0.0))(@types/react@19.0.10)(react-dom@19.0.0(react@19.0.0))(react@19.0.0))(@mantine/hooks@7.17.1(react@19.0.0))(embla-carousel-react@7.1.0(react@19.0.0))(react-dom@19.0.0(react@19.0.0))(react@19.0.0)':
    dependencies:
      '@mantine/core': 7.17.1(@mantine/hooks@7.17.1(react@19.0.0))(@types/react@19.0.10)(react-dom@19.0.0(react@19.0.0))(react@19.0.0)
      '@mantine/hooks': 7.17.1(react@19.0.0)
      embla-carousel-react: 7.1.0(react@19.0.0)
      react: 19.0.0
      react-dom: 19.0.0(react@19.0.0)

  '@mantine/core@7.17.1(@mantine/hooks@7.17.1(react@19.0.0))(@types/react@19.0.10)(react-dom@19.0.0(react@19.0.0))(react@19.0.0)':
    dependencies:
      '@floating-ui/react': 0.26.28(react-dom@19.0.0(react@19.0.0))(react@19.0.0)
      '@mantine/hooks': 7.17.1(react@19.0.0)
      clsx: 2.1.1
      react: 19.0.0
      react-dom: 19.0.0(react@19.0.0)
      react-number-format: 5.4.3(react-dom@19.0.0(react@19.0.0))(react@19.0.0)
      react-remove-scroll: 2.6.3(@types/react@19.0.10)(react@19.0.0)
      react-textarea-autosize: 8.5.6(@types/react@19.0.10)(react@19.0.0)
      type-fest: 4.37.0
    transitivePeerDependencies:
      - '@types/react'

  '@mantine/hooks@7.17.1(react@19.0.0)':
    dependencies:
      react: 19.0.0

  '@mantine/modals@7.17.1(@mantine/core@7.17.1(@mantine/hooks@7.17.1(react@19.0.0))(@types/react@19.0.10)(react-dom@19.0.0(react@19.0.0))(react@19.0.0))(@mantine/hooks@7.17.1(react@19.0.0))(react-dom@19.0.0(react@19.0.0))(react@19.0.0)':
    dependencies:
      '@mantine/core': 7.17.1(@mantine/hooks@7.17.1(react@19.0.0))(@types/react@19.0.10)(react-dom@19.0.0(react@19.0.0))(react@19.0.0)
      '@mantine/hooks': 7.17.1(react@19.0.0)
      react: 19.0.0
      react-dom: 19.0.0(react@19.0.0)

  '@mantine/nprogress@7.17.1(@mantine/core@7.17.1(@mantine/hooks@7.17.1(react@19.0.0))(@types/react@19.0.10)(react-dom@19.0.0(react@19.0.0))(react@19.0.0))(@mantine/hooks@7.17.1(react@19.0.0))(react-dom@19.0.0(react@19.0.0))(react@19.0.0)':
    dependencies:
      '@mantine/core': 7.17.1(@mantine/hooks@7.17.1(react@19.0.0))(@types/react@19.0.10)(react-dom@19.0.0(react@19.0.0))(react@19.0.0)
      '@mantine/hooks': 7.17.1(react@19.0.0)
      '@mantine/store': 7.17.1(react@19.0.0)
      react: 19.0.0
      react-dom: 19.0.0(react@19.0.0)

  '@mantine/store@7.17.1(react@19.0.0)':
    dependencies:
      react: 19.0.0

  '@module-federation/error-codes@0.8.4': {}

  '@module-federation/runtime-tools@0.8.4':
    dependencies:
      '@module-federation/runtime': 0.8.4
      '@module-federation/webpack-bundler-runtime': 0.8.4

  '@module-federation/runtime@0.8.4':
    dependencies:
      '@module-federation/error-codes': 0.8.4
      '@module-federation/sdk': 0.8.4

  '@module-federation/sdk@0.8.4':
    dependencies:
      isomorphic-rslog: 0.0.6

  '@module-federation/webpack-bundler-runtime@0.8.4':
    dependencies:
      '@module-federation/runtime': 0.8.4
      '@module-federation/sdk': 0.8.4

  '@nodelib/fs.scandir@2.1.5':
    dependencies:
      '@nodelib/fs.stat': 2.0.5
      run-parallel: 1.2.0

  '@nodelib/fs.stat@2.0.5': {}

  '@nodelib/fs.walk@1.2.8':
    dependencies:
      '@nodelib/fs.scandir': 2.1.5
      fastq: 1.19.1

  '@rsbuild/core@1.2.15':
    dependencies:
      '@rspack/core': 1.2.7(@swc/helpers@0.5.15)
      '@rspack/lite-tapable': 1.0.1
      '@swc/helpers': 0.5.15
      core-js: 3.41.0
      jiti: 2.4.2
    transitivePeerDependencies:
      - '@rspack/tracing'

  '@rsbuild/plugin-react@1.1.1(@rsbuild/core@1.2.15)':
    dependencies:
      '@rsbuild/core': 1.2.15
      '@rspack/plugin-react-refresh': 1.0.1(react-refresh@0.16.0)
      react-refresh: 0.16.0

  '@rspack/binding-darwin-arm64@1.2.7':
    optional: true

  '@rspack/binding-darwin-x64@1.2.7':
    optional: true

  '@rspack/binding-linux-arm64-gnu@1.2.7':
    optional: true

  '@rspack/binding-linux-arm64-musl@1.2.7':
    optional: true

  '@rspack/binding-linux-x64-gnu@1.2.7':
    optional: true

  '@rspack/binding-linux-x64-musl@1.2.7':
    optional: true

  '@rspack/binding-win32-arm64-msvc@1.2.7':
    optional: true

  '@rspack/binding-win32-ia32-msvc@1.2.7':
    optional: true

  '@rspack/binding-win32-x64-msvc@1.2.7':
    optional: true

  '@rspack/binding@1.2.7':
    optionalDependencies:
      '@rspack/binding-darwin-arm64': 1.2.7
      '@rspack/binding-darwin-x64': 1.2.7
      '@rspack/binding-linux-arm64-gnu': 1.2.7
      '@rspack/binding-linux-arm64-musl': 1.2.7
      '@rspack/binding-linux-x64-gnu': 1.2.7
      '@rspack/binding-linux-x64-musl': 1.2.7
      '@rspack/binding-win32-arm64-msvc': 1.2.7
      '@rspack/binding-win32-ia32-msvc': 1.2.7
      '@rspack/binding-win32-x64-msvc': 1.2.7

  '@rspack/core@1.2.7(@swc/helpers@0.5.15)':
    dependencies:
      '@module-federation/runtime-tools': 0.8.4
      '@rspack/binding': 1.2.7
      '@rspack/lite-tapable': 1.0.1
      caniuse-lite: 1.0.30001702
    optionalDependencies:
      '@swc/helpers': 0.5.15

  '@rspack/lite-tapable@1.0.1': {}

  '@rspack/plugin-react-refresh@1.0.1(react-refresh@0.16.0)':
    dependencies:
      error-stack-parser: 2.1.4
      html-entities: 2.5.2
    optionalDependencies:
      react-refresh: 0.16.0

  '@swc/helpers@0.5.15':
    dependencies:
      tslib: 2.8.1

  '@tabler/icons-react@3.30.0(react@19.0.0)':
    dependencies:
      '@tabler/icons': 3.30.0
      react: 19.0.0

  '@tabler/icons@3.30.0': {}

  '@tanstack/query-core@5.67.1': {}

  '@tanstack/react-query@5.67.1(react@19.0.0)':
    dependencies:
      '@tanstack/query-core': 5.67.1
      react: 19.0.0

  '@types/cookie@0.6.0': {}

  '@types/react-dom@19.0.4(@types/react@19.0.10)':
    dependencies:
      '@types/react': 19.0.10

  '@types/react@19.0.10':
    dependencies:
      csstype: 3.1.3

  braces@3.0.3:
    dependencies:
      fill-range: 7.1.1

  camelcase-css@2.0.1: {}

  caniuse-lite@1.0.30001702: {}

  clsx@2.1.1: {}

  cookie@1.0.2: {}

  core-js@3.41.0: {}

  cssesc@3.0.0: {}

  csstype@3.1.3: {}

  detect-node-es@1.1.0: {}

  embla-carousel-react@7.1.0(react@19.0.0):
    dependencies:
      embla-carousel: 7.1.0
      react: 19.0.0

  embla-carousel@7.1.0: {}

  error-stack-parser@2.1.4:
    dependencies:
      stackframe: 1.3.4

  fast-glob@3.3.3:
    dependencies:
      '@nodelib/fs.stat': 2.0.5
      '@nodelib/fs.walk': 1.2.8
      glob-parent: 5.1.2
      merge2: 1.4.1
      micromatch: 4.0.8

  fastq@1.19.1:
    dependencies:
      reusify: 1.1.0

  fill-range@7.1.1:
    dependencies:
      to-regex-range: 5.0.1

  get-nonce@1.0.1: {}

  glob-parent@5.1.2:
    dependencies:
      is-glob: 4.0.3

  html-entities@2.5.2: {}

  is-extglob@2.1.1: {}

  is-glob@4.0.3:
    dependencies:
      is-extglob: 2.1.1

  is-number@7.0.0: {}

  isomorphic-rslog@0.0.6: {}

  jiti@2.4.2: {}

  merge2@1.4.1: {}

  micromatch@4.0.8:
    dependencies:
      braces: 3.0.3
      picomatch: 2.3.1

  nanoid@3.3.8: {}

  picocolors@1.1.1: {}

  picomatch@2.3.1: {}

  postcss-js@4.0.1(postcss@8.5.3):
    dependencies:
      camelcase-css: 2.0.1
      postcss: 8.5.3

  postcss-mixins@9.0.4(postcss@8.5.3):
    dependencies:
      fast-glob: 3.3.3
      postcss: 8.5.3
      postcss-js: 4.0.1(postcss@8.5.3)
      postcss-simple-vars: 7.0.1(postcss@8.5.3)
      sugarss: 4.0.1(postcss@8.5.3)

  postcss-nested@6.2.0(postcss@8.5.3):
    dependencies:
      postcss: 8.5.3
      postcss-selector-parser: 6.1.2

  postcss-preset-mantine@1.17.0(postcss@8.5.3):
    dependencies:
      postcss: 8.5.3
      postcss-mixins: 9.0.4(postcss@8.5.3)
      postcss-nested: 6.2.0(postcss@8.5.3)

  postcss-selector-parser@6.1.2:
    dependencies:
      cssesc: 3.0.0
      util-deprecate: 1.0.2

  postcss-simple-vars@7.0.1(postcss@8.5.3):
    dependencies:
      postcss: 8.5.3

  postcss@8.5.3:
    dependencies:
      nanoid: 3.3.8
      picocolors: 1.1.1
      source-map-js: 1.2.1

  queue-microtask@1.2.3: {}

  react-dom@19.0.0(react@19.0.0):
    dependencies:
      react: 19.0.0
      scheduler: 0.25.0

  react-number-format@5.4.3(react-dom@19.0.0(react@19.0.0))(react@19.0.0):
    dependencies:
      react: 19.0.0
      react-dom: 19.0.0(react@19.0.0)

  react-refresh@0.16.0: {}

  react-remove-scroll-bar@2.3.8(@types/react@19.0.10)(react@19.0.0):
    dependencies:
      react: 19.0.0
      react-style-singleton: 2.2.3(@types/react@19.0.10)(react@19.0.0)
      tslib: 2.8.1
    optionalDependencies:
      '@types/react': 19.0.10

  react-remove-scroll@2.6.3(@types/react@19.0.10)(react@19.0.0):
    dependencies:
      react: 19.0.0
      react-remove-scroll-bar: 2.3.8(@types/react@19.0.10)(react@19.0.0)
      react-style-singleton: 2.2.3(@types/react@19.0.10)(react@19.0.0)
      tslib: 2.8.1
      use-callback-ref: 1.3.3(@types/react@19.0.10)(react@19.0.0)
      use-sidecar: 1.1.3(@types/react@19.0.10)(react@19.0.0)
    optionalDependencies:
      '@types/react': 19.0.10

  react-router-dom@7.2.0(react-dom@19.0.0(react@19.0.0))(react@19.0.0):
    dependencies:
      react: 19.0.0
      react-dom: 19.0.0(react@19.0.0)
      react-router: 7.2.0(react-dom@19.0.0(react@19.0.0))(react@19.0.0)

  react-router@7.2.0(react-dom@19.0.0(react@19.0.0))(react@19.0.0):
    dependencies:
      '@types/cookie': 0.6.0
      cookie: 1.0.2
      react: 19.0.0
      set-cookie-parser: 2.7.1
      turbo-stream: 2.4.0
    optionalDependencies:
      react-dom: 19.0.0(react@19.0.0)

  react-style-singleton@2.2.3(@types/react@19.0.10)(react@19.0.0):
    dependencies:
      get-nonce: 1.0.1
      react: 19.0.0
      tslib: 2.8.1
    optionalDependencies:
      '@types/react': 19.0.10

  react-textarea-autosize@8.5.6(@types/react@19.0.10)(react@19.0.0):
    dependencies:
      '@babel/runtime': 7.26.9
      react: 19.0.0
      use-composed-ref: 1.4.0(@types/react@19.0.10)(react@19.0.0)
      use-latest: 1.3.0(@types/react@19.0.10)(react@19.0.0)
    transitivePeerDependencies:
      - '@types/react'

  react@19.0.0: {}

  regenerator-runtime@0.14.1: {}

  reusify@1.1.0: {}

  run-parallel@1.2.0:
    dependencies:
      queue-microtask: 1.2.3

  scheduler@0.25.0: {}

  set-cookie-parser@2.7.1: {}

  source-map-js@1.2.1: {}

  stackframe@1.3.4: {}

  sugarss@4.0.1(postcss@8.5.3):
    dependencies:
      postcss: 8.5.3

  tabbable@6.2.0: {}

  to-regex-range@5.0.1:
    dependencies:
      is-number: 7.0.0

  tslib@2.8.1: {}

  turbo-stream@2.4.0: {}

  type-fest@4.37.0: {}

  typescript@5.8.2: {}

  use-callback-ref@1.3.3(@types/react@19.0.10)(react@19.0.0):
    dependencies:
      react: 19.0.0
      tslib: 2.8.1
    optionalDependencies:
      '@types/react': 19.0.10

  use-composed-ref@1.4.0(@types/react@19.0.10)(react@19.0.0):
    dependencies:
      react: 19.0.0
    optionalDependencies:
      '@types/react': 19.0.10

  use-isomorphic-layout-effect@1.2.0(@types/react@19.0.10)(react@19.0.0):
    dependencies:
      react: 19.0.0
    optionalDependencies:
      '@types/react': 19.0.10

  use-latest@1.3.0(@types/react@19.0.10)(react@19.0.0):
    dependencies:
      react: 19.0.0
      use-isomorphic-layout-effect: 1.2.0(@types/react@19.0.10)(react@19.0.0)
    optionalDependencies:
      '@types/react': 19.0.10

  use-sidecar@1.1.3(@types/react@19.0.10)(react@19.0.0):
    dependencies:
      detect-node-es: 1.1.0
      react: 19.0.0
      tslib: 2.8.1
    optionalDependencies:
      '@types/react': 19.0.10

  util-deprecate@1.0.2: {}
